// !$*UTF8*$!
{
	archiveVersion = 1;
	classes = {
	};
	objectVersion = 50;
	objects = {

/* Begin PBXBuildFile section */
		D003FAEB226D1E3600C86CB0 /* ScoreboardManager.swift in Sources */ = {isa = PBXBuildFile; fileRef = D003FAEA226D1E3600C86CB0 /* ScoreboardManager.swift */; };
		D011C27922B73A5200B7F09E /* LarsonView.swift in Sources */ = {isa = PBXBuildFile; fileRef = D011C27722B73A5100B7F09E /* LarsonView.swift */; };
		D011C27A22B73A5200B7F09E /* OverlayLayer.swift in Sources */ = {isa = PBXBuildFile; fileRef = D011C27822B73A5200B7F09E /* OverlayLayer.swift */; };
		D016F915223AB84C0007AC6D /* ElevatorTouchHandler.swift in Sources */ = {isa = PBXBuildFile; fileRef = D016F914223AB84C0007AC6D /* ElevatorTouchHandler.swift */; };
		D02262DF222376E9009D15E7 /* CameraManager.swift in Sources */ = {isa = PBXBuildFile; fileRef = D02262DE222376E9009D15E7 /* CameraManager.swift */; };
		D026E1B3228B4BC6008AD3F6 /* ElCoreTests.swift in Sources */ = {isa = PBXBuildFile; fileRef = D026E1B2228B4BC6008AD3F6 /* ElCoreTests.swift */; };
		D026E1B5228B4BC6008AD3F6 /* ElCore.framework in Frameworks */ = {isa = PBXBuildFile; fileRef = D0ADF86A227A4B2B00614910 /* ElCore.framework */; };
		D0298369228B45A200174222 /* 1.json in Resources */ = {isa = PBXBuildFile; fileRef = D0298368228B45A200174222 /* 1.json */; };
		D029836A228B45A200174222 /* 1.json in Resources */ = {isa = PBXBuildFile; fileRef = D0298368228B45A200174222 /* 1.json */; };
		D029836C228B45DD00174222 /* LevelModel.swift in Sources */ = {isa = PBXBuildFile; fileRef = D0298356228B417A00174222 /* LevelModel.swift */; };
		D029836D228B45DD00174222 /* LevelModel.swift in Sources */ = {isa = PBXBuildFile; fileRef = D0298356228B417A00174222 /* LevelModel.swift */; };
		D029836E228B45E300174222 /* FloorManager.swift in Sources */ = {isa = PBXBuildFile; fileRef = D0AADE37221C8F2600BF71B3 /* FloorManager.swift */; };
		D029836F228B45E600174222 /* Floor.swift in Sources */ = {isa = PBXBuildFile; fileRef = D0E593AB220686B30082B293 /* Floor.swift */; };
		D0298370228B45EA00174222 /* ElevatorTouchHandler.swift in Sources */ = {isa = PBXBuildFile; fileRef = D016F914223AB84C0007AC6D /* ElevatorTouchHandler.swift */; };
		D0305FDE22235AC400C76819 /* PlayerManager.swift in Sources */ = {isa = PBXBuildFile; fileRef = D0305FDD22235AC400C76819 /* PlayerManager.swift */; };
		D0305FE022235AEC00C76819 /* ElevatorsGame.swift in Sources */ = {isa = PBXBuildFile; fileRef = D0305FDF22235AEC00C76819 /* ElevatorsGame.swift */; };
		D0305FE222235B5300C76819 /* ElevatorsGameScene.swift in Sources */ = {isa = PBXBuildFile; fileRef = D0305FE122235B5300C76819 /* ElevatorsGameScene.swift */; };
		D0305FE922235C7E00C76819 /* PlayerNode.swift in Sources */ = {isa = PBXBuildFile; fileRef = D0305FE822235C7E00C76819 /* PlayerNode.swift */; };
		D0305FEB22235CCE00C76819 /* ElevatorsGameSceneDependable.swift in Sources */ = {isa = PBXBuildFile; fileRef = D0305FEA22235CCE00C76819 /* ElevatorsGameSceneDependable.swift */; };
		D043B4AE224BE7A4005210CB /* CoreGraphics+.swift in Sources */ = {isa = PBXBuildFile; fileRef = D043B4AD224BE7A4005210CB /* CoreGraphics+.swift */; };
		D04DAE662214A63200ADA7F0 /* CGPoint.swift in Sources */ = {isa = PBXBuildFile; fileRef = D04DAE652214A63200ADA7F0 /* CGPoint.swift */; };
		D051F5CF2277EB4100EF5A61 /* EndGameDelegate.swift in Sources */ = {isa = PBXBuildFile; fileRef = D051F5CE2277EB4100EF5A61 /* EndGameDelegate.swift */; };
		D05B05A022BC46C700D3ADBE /* UIViewController.swift in Sources */ = {isa = PBXBuildFile; fileRef = D05B059F22BC46C700D3ADBE /* UIViewController.swift */; };
		D05EB3C8229F01CA00F84FFF /* CounterView.swift in Sources */ = {isa = PBXBuildFile; fileRef = D05EB3C7229F01CA00F84FFF /* CounterView.swift */; };
		D05ED161229D75CE00137DBA /* Elevators.swift in Sources */ = {isa = PBXBuildFile; fileRef = D05ED160229D75CE00137DBA /* Elevators.swift */; };
		D05ED16C229DAECD00137DBA /* UIView.swift in Sources */ = {isa = PBXBuildFile; fileRef = D05ED16B229DAECD00137DBA /* UIView.swift */; };
		D05ED18E229DC30000137DBA /* ShopViewCell.xib in Resources */ = {isa = PBXBuildFile; fileRef = D05ED17E229DC2FE00137DBA /* ShopViewCell.xib */; };
		D05ED191229DC30000137DBA /* LevelViewController.swift in Sources */ = {isa = PBXBuildFile; fileRef = D05ED181229DC2FE00137DBA /* LevelViewController.swift */; };
		D05ED192229DC30000137DBA /* HomeViewController.swift in Sources */ = {isa = PBXBuildFile; fileRef = D05ED182229DC2FE00137DBA /* HomeViewController.swift */; };
		D05ED193229DC30000137DBA /* ShopViewCell.swift in Sources */ = {isa = PBXBuildFile; fileRef = D05ED183229DC2FF00137DBA /* ShopViewCell.swift */; };
		D05ED194229DC30000137DBA /* Storyboard.swift in Sources */ = {isa = PBXBuildFile; fileRef = D05ED184229DC2FF00137DBA /* Storyboard.swift */; };
		D05ED195229DC30000137DBA /* LevelCell.swift in Sources */ = {isa = PBXBuildFile; fileRef = D05ED185229DC2FF00137DBA /* LevelCell.swift */; };
		D05ED196229DC30000137DBA /* LevelSelectedViewController.swift in Sources */ = {isa = PBXBuildFile; fileRef = D05ED186229DC2FF00137DBA /* LevelSelectedViewController.swift */; };
		D05ED197229DC30000137DBA /* Levels.storyboard in Resources */ = {isa = PBXBuildFile; fileRef = D05ED187229DC2FF00137DBA /* Levels.storyboard */; };
		D05ED198229DC30000137DBA /* LevelsNavigationController.swift in Sources */ = {isa = PBXBuildFile; fileRef = D05ED188229DC2FF00137DBA /* LevelsNavigationController.swift */; };
		D05ED199229DC30000137DBA /* LevelCell.xib in Resources */ = {isa = PBXBuildFile; fileRef = D05ED189229DC2FF00137DBA /* LevelCell.xib */; };
		D05ED19B229DC30000137DBA /* GameBuilderViewController.swift in Sources */ = {isa = PBXBuildFile; fileRef = D05ED18B229DC30000137DBA /* GameBuilderViewController.swift */; };
		D05ED19C229DC30000137DBA /* GameViewController.swift in Sources */ = {isa = PBXBuildFile; fileRef = D05ED18C229DC30000137DBA /* GameViewController.swift */; };
		D05ED19D229DC30000137DBA /* Game.storyboard in Resources */ = {isa = PBXBuildFile; fileRef = D05ED18D229DC30000137DBA /* Game.storyboard */; };
		D05ED19F229DC31100137DBA /* ControllerIdentifiable.swift in Sources */ = {isa = PBXBuildFile; fileRef = D05ED19E229DC31100137DBA /* ControllerIdentifiable.swift */; };
		D05ED1A1229DC35100137DBA /* Home.storyboard in Resources */ = {isa = PBXBuildFile; fileRef = D05ED1A0229DC35000137DBA /* Home.storyboard */; };
		D0638385227B924E00C44441 /* NearbyFriendsManager.swift in Sources */ = {isa = PBXBuildFile; fileRef = D0ADF85B227A418D00614910 /* NearbyFriendsManager.swift */; };
		D0638387227B9BCB00C44441 /* ExternalAccessory.framework in Frameworks */ = {isa = PBXBuildFile; fileRef = D0638386227B9BCB00C44441 /* ExternalAccessory.framework */; };
		D06F7A1522C06A4600EF03C1 /* GameBuilderFloorEditorViewController.swift in Sources */ = {isa = PBXBuildFile; fileRef = D06F7A1422C06A4600EF03C1 /* GameBuilderFloorEditorViewController.swift */; };
		D06FC7302273B9F800C1478D /* Assets.swift in Sources */ = {isa = PBXBuildFile; fileRef = D06FC72F2273B9F800C1478D /* Assets.swift */; };
		D06FC7332274DF6C00C1478D /* Unlockable.swift in Sources */ = {isa = PBXBuildFile; fileRef = D06FC7322274DF6C00C1478D /* Unlockable.swift */; };
		D06FC7352274DF7400C1478D /* ShopManager.swift in Sources */ = {isa = PBXBuildFile; fileRef = D06FC7342274DF7400C1478D /* ShopManager.swift */; };
		D06FC74022750E8D00C1478D /* PreferencesManager.swift in Sources */ = {isa = PBXBuildFile; fileRef = D06FC73F22750E8D00C1478D /* PreferencesManager.swift */; };
		D096F8B6225E93B5002CC444 /* JoystickView.swift in Sources */ = {isa = PBXBuildFile; fileRef = D096F8B5225E93B5002CC444 /* JoystickView.swift */; };
		D09A06DB223839C000A9CAB1 /* Larson.swift in Sources */ = {isa = PBXBuildFile; fileRef = D09A06DA223839C000A9CAB1 /* Larson.swift */; };
		D0A1B241226E61E9003F53E7 /* WaveManager.swift in Sources */ = {isa = PBXBuildFile; fileRef = D0A1B240226E61E9003F53E7 /* WaveManager.swift */; };
		D0AADE2A221C8E6800BF71B3 /* ElCore.h in Headers */ = {isa = PBXBuildFile; fileRef = D0AADE28221C8E6800BF71B3 /* ElCore.h */; settings = {ATTRIBUTES = (Public, ); }; };
		D0AADE2D221C8E6800BF71B3 /* ElCore.framework in Frameworks */ = {isa = PBXBuildFile; fileRef = D0AADE26221C8E6800BF71B3 /* ElCore.framework */; };
		D0AADE2E221C8E6800BF71B3 /* ElCore.framework in Embed Frameworks */ = {isa = PBXBuildFile; fileRef = D0AADE26221C8E6800BF71B3 /* ElCore.framework */; settings = {ATTRIBUTES = (CodeSignOnCopy, RemoveHeadersOnCopy, ); }; };
		D0AADE32221C8E7900BF71B3 /* Elevator.swift in Sources */ = {isa = PBXBuildFile; fileRef = D0E593AD220687030082B293 /* Elevator.swift */; };
		D0AADE33221C8E7900BF71B3 /* Floor.swift in Sources */ = {isa = PBXBuildFile; fileRef = D0E593AB220686B30082B293 /* Floor.swift */; };
		D0AADE34221C8E7900BF71B3 /* Graphics.swift in Sources */ = {isa = PBXBuildFile; fileRef = D0D8524122069CF800ED606C /* Graphics.swift */; };
		D0AADE36221C8E9800BF71B3 /* ElevatorsGameColors.swift in Sources */ = {isa = PBXBuildFile; fileRef = D0D8523F220693BB00ED606C /* ElevatorsGameColors.swift */; };
		D0AADE38221C8F2600BF71B3 /* FloorManager.swift in Sources */ = {isa = PBXBuildFile; fileRef = D0AADE37221C8F2600BF71B3 /* FloorManager.swift */; };
		D0ACE97322BC8814000569A2 /* GameBuilderScene.swift in Sources */ = {isa = PBXBuildFile; fileRef = D0ACE97222BC8814000569A2 /* GameBuilderScene.swift */; };
		D0ACE97522BC89E3000569A2 /* GameBuilder.storyboard in Resources */ = {isa = PBXBuildFile; fileRef = D0ACE97422BC89E3000569A2 /* GameBuilder.storyboard */; };
		D0ADF85C227A418D00614910 /* NearbyFriendsManager.swift in Sources */ = {isa = PBXBuildFile; fileRef = D0ADF85B227A418D00614910 /* NearbyFriendsManager.swift */; };
		D0AE27192201564D00D29E62 /* AppDelegate.swift in Sources */ = {isa = PBXBuildFile; fileRef = D0AE27182201564D00D29E62 /* AppDelegate.swift */; };
		D0AE271F2201564D00D29E62 /* GameScene.swift in Sources */ = {isa = PBXBuildFile; fileRef = D0AE271E2201564D00D29E62 /* GameScene.swift */; };
		D0AE27262201564F00D29E62 /* Assets.xcassets in Resources */ = {isa = PBXBuildFile; fileRef = D0AE27252201564F00D29E62 /* Assets.xcassets */; };
		D0AE27292201564F00D29E62 /* LaunchScreen.storyboard in Resources */ = {isa = PBXBuildFile; fileRef = D0AE27272201564F00D29E62 /* LaunchScreen.storyboard */; };
		D0AEEB1222BED08B009084B4 /* LevelsLoader.swift in Sources */ = {isa = PBXBuildFile; fileRef = D0AEEB1122BED08B009084B4 /* LevelsLoader.swift */; };
		D0D3A021228B24B1009FE1DC /* Skin.swift in Sources */ = {isa = PBXBuildFile; fileRef = D0D3A01F228B23C9009FE1DC /* Skin.swift */; };
		D0D3A022228B24B2009FE1DC /* Skin.swift in Sources */ = {isa = PBXBuildFile; fileRef = D0D3A01F228B23C9009FE1DC /* Skin.swift */; };
		D0DB7D052267BD9400D775B6 /* SpriteKit+.swift in Sources */ = {isa = PBXBuildFile; fileRef = D0DB7D042267BD9400D775B6 /* SpriteKit+.swift */; };
		D0E5E78522BD6198000C1379 /* GameBuilderPickerViewController.swift in Sources */ = {isa = PBXBuildFile; fileRef = D0E5E78422BD6198000C1379 /* GameBuilderPickerViewController.swift */; };
		D0E96B94229C778A00CFD0A5 /* UIColor.swift in Sources */ = {isa = PBXBuildFile; fileRef = D0E96B93229C778A00CFD0A5 /* UIColor.swift */; };
		D0ECB395229EE50E00092A1F /* AttributedImageTextView.swift in Sources */ = {isa = PBXBuildFile; fileRef = D0ECB394229EE50E00092A1F /* AttributedImageTextView.swift */; };
		D0F0D6C7224855030040E595 /* MovementManager.swift in Sources */ = {isa = PBXBuildFile; fileRef = D0F0D6C6224855030040E595 /* MovementManager.swift */; };
/* End PBXBuildFile section */

/* Begin PBXContainerItemProxy section */
		D026E1BB228B4BCF008AD3F6 /* PBXContainerItemProxy */ = {
			isa = PBXContainerItemProxy;
			containerPortal = D0AE270D2201564D00D29E62 /* Project object */;
			proxyType = 1;
			remoteGlobalIDString = D0AADE25221C8E6800BF71B3;
			remoteInfo = "ElCore-iOS";
		};
		D0AADE2B221C8E6800BF71B3 /* PBXContainerItemProxy */ = {
			isa = PBXContainerItemProxy;
			containerPortal = D0AE270D2201564D00D29E62 /* Project object */;
			proxyType = 1;
			remoteGlobalIDString = D0AADE25221C8E6800BF71B3;
			remoteInfo = ElCore;
		};
/* End PBXContainerItemProxy section */

/* Begin PBXCopyFilesBuildPhase section */
		D00EAC61221C8CE500161C8F /* Embed Frameworks */ = {
			isa = PBXCopyFilesBuildPhase;
			buildActionMask = 2147483647;
			dstPath = "";
			dstSubfolderSpec = 10;
			files = (
				D0AADE2E221C8E6800BF71B3 /* ElCore.framework in Embed Frameworks */,
			);
			name = "Embed Frameworks";
			runOnlyForDeploymentPostprocessing = 0;
		};
/* End PBXCopyFilesBuildPhase section */

/* Begin PBXFileReference section */
		D003FAEA226D1E3600C86CB0 /* ScoreboardManager.swift */ = {isa = PBXFileReference; lastKnownFileType = sourcecode.swift; path = ScoreboardManager.swift; sourceTree = "<group>"; };
		D011C27722B73A5100B7F09E /* LarsonView.swift */ = {isa = PBXFileReference; fileEncoding = 4; lastKnownFileType = sourcecode.swift; path = LarsonView.swift; sourceTree = "<group>"; };
		D011C27822B73A5200B7F09E /* OverlayLayer.swift */ = {isa = PBXFileReference; fileEncoding = 4; lastKnownFileType = sourcecode.swift; path = OverlayLayer.swift; sourceTree = "<group>"; };
		D016F914223AB84C0007AC6D /* ElevatorTouchHandler.swift */ = {isa = PBXFileReference; lastKnownFileType = sourcecode.swift; path = ElevatorTouchHandler.swift; sourceTree = "<group>"; };
		D02262DE222376E9009D15E7 /* CameraManager.swift */ = {isa = PBXFileReference; lastKnownFileType = sourcecode.swift; path = CameraManager.swift; sourceTree = "<group>"; };
		D026E1B0228B4BC6008AD3F6 /* ElCoreTests.xctest */ = {isa = PBXFileReference; explicitFileType = wrapper.cfbundle; includeInIndex = 0; path = ElCoreTests.xctest; sourceTree = BUILT_PRODUCTS_DIR; };
		D026E1B2228B4BC6008AD3F6 /* ElCoreTests.swift */ = {isa = PBXFileReference; lastKnownFileType = sourcecode.swift; path = ElCoreTests.swift; sourceTree = "<group>"; };
		D026E1B4228B4BC6008AD3F6 /* Info.plist */ = {isa = PBXFileReference; lastKnownFileType = text.plist.xml; path = Info.plist; sourceTree = "<group>"; };
		D0298356228B417A00174222 /* LevelModel.swift */ = {isa = PBXFileReference; lastKnownFileType = sourcecode.swift; path = LevelModel.swift; sourceTree = "<group>"; };
		D0298368228B45A200174222 /* 1.json */ = {isa = PBXFileReference; lastKnownFileType = text.json; path = 1.json; sourceTree = "<group>"; };
		D0305FDD22235AC400C76819 /* PlayerManager.swift */ = {isa = PBXFileReference; lastKnownFileType = sourcecode.swift; path = PlayerManager.swift; sourceTree = "<group>"; };
		D0305FDF22235AEC00C76819 /* ElevatorsGame.swift */ = {isa = PBXFileReference; lastKnownFileType = sourcecode.swift; path = ElevatorsGame.swift; sourceTree = "<group>"; };
		D0305FE122235B5300C76819 /* ElevatorsGameScene.swift */ = {isa = PBXFileReference; lastKnownFileType = sourcecode.swift; path = ElevatorsGameScene.swift; sourceTree = "<group>"; };
		D0305FE622235BD400C76819 /* README.md */ = {isa = PBXFileReference; lastKnownFileType = net.daringfireball.markdown; path = README.md; sourceTree = "<group>"; };
		D0305FE822235C7E00C76819 /* PlayerNode.swift */ = {isa = PBXFileReference; lastKnownFileType = sourcecode.swift; path = PlayerNode.swift; sourceTree = "<group>"; };
		D0305FEA22235CCE00C76819 /* ElevatorsGameSceneDependable.swift */ = {isa = PBXFileReference; lastKnownFileType = sourcecode.swift; path = ElevatorsGameSceneDependable.swift; sourceTree = "<group>"; };
		D043B4AD224BE7A4005210CB /* CoreGraphics+.swift */ = {isa = PBXFileReference; lastKnownFileType = sourcecode.swift; path = "CoreGraphics+.swift"; sourceTree = "<group>"; };
		D04DAE652214A63200ADA7F0 /* CGPoint.swift */ = {isa = PBXFileReference; lastKnownFileType = sourcecode.swift; path = CGPoint.swift; sourceTree = "<group>"; };
		D051F5CE2277EB4100EF5A61 /* EndGameDelegate.swift */ = {isa = PBXFileReference; lastKnownFileType = sourcecode.swift; path = EndGameDelegate.swift; sourceTree = "<group>"; };
		D05B059F22BC46C700D3ADBE /* UIViewController.swift */ = {isa = PBXFileReference; lastKnownFileType = sourcecode.swift; path = UIViewController.swift; sourceTree = "<group>"; };
		D05EB3C7229F01CA00F84FFF /* CounterView.swift */ = {isa = PBXFileReference; lastKnownFileType = sourcecode.swift; path = CounterView.swift; sourceTree = "<group>"; };
		D05ED160229D75CE00137DBA /* Elevators.swift */ = {isa = PBXFileReference; lastKnownFileType = sourcecode.swift; path = Elevators.swift; sourceTree = "<group>"; };
		D05ED16B229DAECD00137DBA /* UIView.swift */ = {isa = PBXFileReference; lastKnownFileType = sourcecode.swift; path = UIView.swift; sourceTree = "<group>"; };
		D05ED17E229DC2FE00137DBA /* ShopViewCell.xib */ = {isa = PBXFileReference; fileEncoding = 4; lastKnownFileType = file.xib; path = ShopViewCell.xib; sourceTree = "<group>"; };
		D05ED181229DC2FE00137DBA /* LevelViewController.swift */ = {isa = PBXFileReference; fileEncoding = 4; lastKnownFileType = sourcecode.swift; path = LevelViewController.swift; sourceTree = "<group>"; };
		D05ED182229DC2FE00137DBA /* HomeViewController.swift */ = {isa = PBXFileReference; fileEncoding = 4; lastKnownFileType = sourcecode.swift; path = HomeViewController.swift; sourceTree = "<group>"; };
		D05ED183229DC2FF00137DBA /* ShopViewCell.swift */ = {isa = PBXFileReference; fileEncoding = 4; lastKnownFileType = sourcecode.swift; path = ShopViewCell.swift; sourceTree = "<group>"; };
		D05ED184229DC2FF00137DBA /* Storyboard.swift */ = {isa = PBXFileReference; fileEncoding = 4; lastKnownFileType = sourcecode.swift; path = Storyboard.swift; sourceTree = "<group>"; };
		D05ED185229DC2FF00137DBA /* LevelCell.swift */ = {isa = PBXFileReference; fileEncoding = 4; lastKnownFileType = sourcecode.swift; path = LevelCell.swift; sourceTree = "<group>"; };
		D05ED186229DC2FF00137DBA /* LevelSelectedViewController.swift */ = {isa = PBXFileReference; fileEncoding = 4; lastKnownFileType = sourcecode.swift; path = LevelSelectedViewController.swift; sourceTree = "<group>"; };
		D05ED187229DC2FF00137DBA /* Levels.storyboard */ = {isa = PBXFileReference; fileEncoding = 4; lastKnownFileType = file.storyboard; path = Levels.storyboard; sourceTree = "<group>"; };
		D05ED188229DC2FF00137DBA /* LevelsNavigationController.swift */ = {isa = PBXFileReference; fileEncoding = 4; lastKnownFileType = sourcecode.swift; path = LevelsNavigationController.swift; sourceTree = "<group>"; };
		D05ED189229DC2FF00137DBA /* LevelCell.xib */ = {isa = PBXFileReference; fileEncoding = 4; lastKnownFileType = file.xib; path = LevelCell.xib; sourceTree = "<group>"; };
		D05ED18B229DC30000137DBA /* GameBuilderViewController.swift */ = {isa = PBXFileReference; fileEncoding = 4; lastKnownFileType = sourcecode.swift; path = GameBuilderViewController.swift; sourceTree = "<group>"; };
		D05ED18C229DC30000137DBA /* GameViewController.swift */ = {isa = PBXFileReference; fileEncoding = 4; lastKnownFileType = sourcecode.swift; path = GameViewController.swift; sourceTree = "<group>"; };
		D05ED18D229DC30000137DBA /* Game.storyboard */ = {isa = PBXFileReference; fileEncoding = 4; lastKnownFileType = file.storyboard; path = Game.storyboard; sourceTree = "<group>"; };
		D05ED19E229DC31100137DBA /* ControllerIdentifiable.swift */ = {isa = PBXFileReference; fileEncoding = 4; lastKnownFileType = sourcecode.swift; path = ControllerIdentifiable.swift; sourceTree = "<group>"; };
		D05ED1A0229DC35000137DBA /* Home.storyboard */ = {isa = PBXFileReference; fileEncoding = 4; lastKnownFileType = file.storyboard; path = Home.storyboard; sourceTree = "<group>"; };
		D0638386227B9BCB00C44441 /* ExternalAccessory.framework */ = {isa = PBXFileReference; lastKnownFileType = wrapper.framework; name = ExternalAccessory.framework; path = System/Library/Frameworks/ExternalAccessory.framework; sourceTree = SDKROOT; };
		D0638388227B9EBF00C44441 /* ElevatorsNearbyFriendsTester-macOS.entitlements */ = {isa = PBXFileReference; lastKnownFileType = text.plist.entitlements; path = "ElevatorsNearbyFriendsTester-macOS.entitlements"; sourceTree = "<group>"; };
		D06F7A1422C06A4600EF03C1 /* GameBuilderFloorEditorViewController.swift */ = {isa = PBXFileReference; lastKnownFileType = sourcecode.swift; path = GameBuilderFloorEditorViewController.swift; sourceTree = "<group>"; };
		D06FC72F2273B9F800C1478D /* Assets.swift */ = {isa = PBXFileReference; lastKnownFileType = sourcecode.swift; path = Assets.swift; sourceTree = "<group>"; };
		D06FC7322274DF6C00C1478D /* Unlockable.swift */ = {isa = PBXFileReference; lastKnownFileType = sourcecode.swift; path = Unlockable.swift; sourceTree = "<group>"; };
		D06FC7342274DF7400C1478D /* ShopManager.swift */ = {isa = PBXFileReference; lastKnownFileType = sourcecode.swift; path = ShopManager.swift; sourceTree = "<group>"; };
		D06FC73F22750E8D00C1478D /* PreferencesManager.swift */ = {isa = PBXFileReference; lastKnownFileType = sourcecode.swift; path = PreferencesManager.swift; sourceTree = "<group>"; };
		D096F8B5225E93B5002CC444 /* JoystickView.swift */ = {isa = PBXFileReference; lastKnownFileType = sourcecode.swift; path = JoystickView.swift; sourceTree = "<group>"; };
		D09A06DA223839C000A9CAB1 /* Larson.swift */ = {isa = PBXFileReference; lastKnownFileType = sourcecode.swift; path = Larson.swift; sourceTree = "<group>"; };
		D0A1B240226E61E9003F53E7 /* WaveManager.swift */ = {isa = PBXFileReference; lastKnownFileType = sourcecode.swift; path = WaveManager.swift; sourceTree = "<group>"; };
		D0AADE26221C8E6800BF71B3 /* ElCore.framework */ = {isa = PBXFileReference; explicitFileType = wrapper.framework; includeInIndex = 0; path = ElCore.framework; sourceTree = BUILT_PRODUCTS_DIR; };
		D0AADE28221C8E6800BF71B3 /* ElCore.h */ = {isa = PBXFileReference; lastKnownFileType = sourcecode.c.h; path = ElCore.h; sourceTree = "<group>"; };
		D0AADE29221C8E6800BF71B3 /* Info.plist */ = {isa = PBXFileReference; lastKnownFileType = text.plist.xml; path = Info.plist; sourceTree = "<group>"; };
		D0AADE37221C8F2600BF71B3 /* FloorManager.swift */ = {isa = PBXFileReference; lastKnownFileType = sourcecode.swift; path = FloorManager.swift; sourceTree = "<group>"; };
		D0ACE97222BC8814000569A2 /* GameBuilderScene.swift */ = {isa = PBXFileReference; lastKnownFileType = sourcecode.swift; path = GameBuilderScene.swift; sourceTree = "<group>"; };
		D0ACE97422BC89E3000569A2 /* GameBuilder.storyboard */ = {isa = PBXFileReference; lastKnownFileType = file.storyboard; path = GameBuilder.storyboard; sourceTree = "<group>"; };
		D0ADF7BF227A399B00614910 /* Elevators.entitlements */ = {isa = PBXFileReference; lastKnownFileType = text.plist.entitlements; path = Elevators.entitlements; sourceTree = "<group>"; };
		D0ADF84D227A412F00614910 /* AppDelegate.swift */ = {isa = PBXFileReference; lastKnownFileType = sourcecode.swift; path = AppDelegate.swift; sourceTree = "<group>"; };
		D0ADF84F227A412F00614910 /* ViewController.swift */ = {isa = PBXFileReference; lastKnownFileType = sourcecode.swift; path = ViewController.swift; sourceTree = "<group>"; };
		D0ADF851227A413000614910 /* Assets.xcassets */ = {isa = PBXFileReference; lastKnownFileType = folder.assetcatalog; path = Assets.xcassets; sourceTree = "<group>"; };
		D0ADF854227A413000614910 /* Base */ = {isa = PBXFileReference; lastKnownFileType = file.storyboard; name = Base; path = Base.lproj/Main.storyboard; sourceTree = "<group>"; };
		D0ADF856227A413000614910 /* Info.plist */ = {isa = PBXFileReference; lastKnownFileType = text.plist.xml; path = Info.plist; sourceTree = "<group>"; };
		D0ADF857227A413000614910 /* ElevatorsTesting_macOS.entitlements */ = {isa = PBXFileReference; lastKnownFileType = text.plist.entitlements; path = ElevatorsTesting_macOS.entitlements; sourceTree = "<group>"; };
		D0ADF85B227A418D00614910 /* NearbyFriendsManager.swift */ = {isa = PBXFileReference; lastKnownFileType = sourcecode.swift; path = NearbyFriendsManager.swift; sourceTree = "<group>"; };
		D0ADF86A227A4B2B00614910 /* ElCore.framework */ = {isa = PBXFileReference; explicitFileType = wrapper.framework; includeInIndex = 0; path = ElCore.framework; sourceTree = BUILT_PRODUCTS_DIR; };
		D0AE27152201564D00D29E62 /* Elevators.app */ = {isa = PBXFileReference; explicitFileType = wrapper.application; includeInIndex = 0; path = Elevators.app; sourceTree = BUILT_PRODUCTS_DIR; };
		D0AE27182201564D00D29E62 /* AppDelegate.swift */ = {isa = PBXFileReference; lastKnownFileType = sourcecode.swift; path = AppDelegate.swift; sourceTree = "<group>"; };
		D0AE271E2201564D00D29E62 /* GameScene.swift */ = {isa = PBXFileReference; lastKnownFileType = sourcecode.swift; path = GameScene.swift; sourceTree = "<group>"; };
		D0AE27252201564F00D29E62 /* Assets.xcassets */ = {isa = PBXFileReference; lastKnownFileType = folder.assetcatalog; path = Assets.xcassets; sourceTree = "<group>"; };
		D0AE27282201564F00D29E62 /* Base */ = {isa = PBXFileReference; lastKnownFileType = file.storyboard; name = Base; path = Base.lproj/LaunchScreen.storyboard; sourceTree = "<group>"; };
		D0AE272A2201564F00D29E62 /* Info.plist */ = {isa = PBXFileReference; lastKnownFileType = text.plist.xml; path = Info.plist; sourceTree = "<group>"; };
		D0AEEB1122BED08B009084B4 /* LevelsLoader.swift */ = {isa = PBXFileReference; lastKnownFileType = sourcecode.swift; path = LevelsLoader.swift; sourceTree = "<group>"; };
		D0D3A01F228B23C9009FE1DC /* Skin.swift */ = {isa = PBXFileReference; lastKnownFileType = sourcecode.swift; path = Skin.swift; sourceTree = "<group>"; };
		D0D8523F220693BB00ED606C /* ElevatorsGameColors.swift */ = {isa = PBXFileReference; lastKnownFileType = sourcecode.swift; path = ElevatorsGameColors.swift; sourceTree = "<group>"; };
		D0D8524122069CF800ED606C /* Graphics.swift */ = {isa = PBXFileReference; lastKnownFileType = sourcecode.swift; path = Graphics.swift; sourceTree = "<group>"; };
		D0DB7D042267BD9400D775B6 /* SpriteKit+.swift */ = {isa = PBXFileReference; lastKnownFileType = sourcecode.swift; path = "SpriteKit+.swift"; sourceTree = "<group>"; };
		D0E593AB220686B30082B293 /* Floor.swift */ = {isa = PBXFileReference; lastKnownFileType = sourcecode.swift; path = Floor.swift; sourceTree = "<group>"; };
		D0E593AD220687030082B293 /* Elevator.swift */ = {isa = PBXFileReference; lastKnownFileType = sourcecode.swift; path = Elevator.swift; sourceTree = "<group>"; };
		D0E5E78422BD6198000C1379 /* GameBuilderPickerViewController.swift */ = {isa = PBXFileReference; lastKnownFileType = sourcecode.swift; path = GameBuilderPickerViewController.swift; sourceTree = "<group>"; };
		D0E96B93229C778A00CFD0A5 /* UIColor.swift */ = {isa = PBXFileReference; lastKnownFileType = sourcecode.swift; path = UIColor.swift; sourceTree = "<group>"; };
		D0ECB394229EE50E00092A1F /* AttributedImageTextView.swift */ = {isa = PBXFileReference; lastKnownFileType = sourcecode.swift; path = AttributedImageTextView.swift; sourceTree = "<group>"; };
		D0ECB397229EEBD700092A1F /* FiraSans-Medium.ttf */ = {isa = PBXFileReference; lastKnownFileType = file; path = "FiraSans-Medium.ttf"; sourceTree = "<group>"; };
		D0ECB398229EEBD700092A1F /* FiraSans-Regular.ttf */ = {isa = PBXFileReference; lastKnownFileType = file; path = "FiraSans-Regular.ttf"; sourceTree = "<group>"; };
		D0ECB399229EEBF500092A1F /* README.md */ = {isa = PBXFileReference; lastKnownFileType = net.daringfireball.markdown; path = README.md; sourceTree = "<group>"; };
		D0ECB39A229EEC6100092A1F /* FiraSans-Heavy.ttf */ = {isa = PBXFileReference; lastKnownFileType = file; path = "FiraSans-Heavy.ttf"; sourceTree = "<group>"; };
		D0ECB39B229EED9B00092A1F /* FiraSans-Bold.ttf */ = {isa = PBXFileReference; lastKnownFileType = file; path = "FiraSans-Bold.ttf"; sourceTree = "<group>"; };
		D0F0D6C6224855030040E595 /* MovementManager.swift */ = {isa = PBXFileReference; lastKnownFileType = sourcecode.swift; path = MovementManager.swift; sourceTree = "<group>"; };
/* End PBXFileReference section */

/* Begin PBXFrameworksBuildPhase section */
		D026E1AD228B4BC6008AD3F6 /* Frameworks */ = {
			isa = PBXFrameworksBuildPhase;
			buildActionMask = 2147483647;
			files = (
				D026E1B5228B4BC6008AD3F6 /* ElCore.framework in Frameworks */,
			);
			runOnlyForDeploymentPostprocessing = 0;
		};
		D0AADE23221C8E6800BF71B3 /* Frameworks */ = {
			isa = PBXFrameworksBuildPhase;
			buildActionMask = 2147483647;
			files = (
			);
			runOnlyForDeploymentPostprocessing = 0;
		};
		D0ADF867227A4B2B00614910 /* Frameworks */ = {
			isa = PBXFrameworksBuildPhase;
			buildActionMask = 2147483647;
			files = (
			);
			runOnlyForDeploymentPostprocessing = 0;
		};
		D0AE27122201564D00D29E62 /* Frameworks */ = {
			isa = PBXFrameworksBuildPhase;
			buildActionMask = 2147483647;
			files = (
				D0638387227B9BCB00C44441 /* ExternalAccessory.framework in Frameworks */,
				D0AADE2D221C8E6800BF71B3 /* ElCore.framework in Frameworks */,
			);
			runOnlyForDeploymentPostprocessing = 0;
		};
/* End PBXFrameworksBuildPhase section */

/* Begin PBXGroup section */
		D003FAE9226D1E2600C86CB0 /* Scoreboard */ = {
			isa = PBXGroup;
			children = (
				D003FAEA226D1E3600C86CB0 /* ScoreboardManager.swift */,
			);
			path = Scoreboard;
			sourceTree = "<group>";
		};
		D00C5D5A226FC04F00CA355C /* EndGame */ = {
			isa = PBXGroup;
			children = (
				D051F5CE2277EB4100EF5A61 /* EndGameDelegate.swift */,
			);
			path = EndGame;
			sourceTree = "<group>";
		};
		D011C27622B73A4300B7F09E /* LarsonView */ = {
			isa = PBXGroup;
			children = (
				D011C27722B73A5100B7F09E /* LarsonView.swift */,
				D011C27822B73A5200B7F09E /* OverlayLayer.swift */,
			);
			path = LarsonView;
			sourceTree = "<group>";
		};
		D02262E0222376EF009D15E7 /* Camera */ = {
			isa = PBXGroup;
			children = (
				D02262DE222376E9009D15E7 /* CameraManager.swift */,
			);
			path = Camera;
			sourceTree = "<group>";
		};
		D026E1B1228B4BC6008AD3F6 /* ElCoreTests */ = {
			isa = PBXGroup;
			children = (
				D026E1B2228B4BC6008AD3F6 /* ElCoreTests.swift */,
				D026E1B4228B4BC6008AD3F6 /* Info.plist */,
			);
			path = ElCoreTests;
			sourceTree = "<group>";
		};
		D0298367228B44D500174222 /* Levels */ = {
			isa = PBXGroup;
			children = (
				D0298368228B45A200174222 /* 1.json */,
			);
			path = Levels;
			sourceTree = "<group>";
		};
		D0305FE722235C7200C76819 /* Player */ = {
			isa = PBXGroup;
			children = (
				D0305FDD22235AC400C76819 /* PlayerManager.swift */,
				D0305FE822235C7E00C76819 /* PlayerNode.swift */,
			);
			path = Player;
			sourceTree = "<group>";
		};
		D0305FEC22235DCB00C76819 /* ElevatorGame */ = {
			isa = PBXGroup;
			children = (
				D06FC73E22750E7E00C1478D /* Preferences */,
				D06FC7312274DF4D00C1478D /* Shop */,
				D00C5D5A226FC04F00CA355C /* EndGame */,
				D0A1B23F226E61DB003F53E7 /* Wave */,
				D003FAE9226D1E2600C86CB0 /* Scoreboard */,
				D0F0D6C5224854F20040E595 /* Movement */,
				D02262E0222376EF009D15E7 /* Camera */,
				D0305FE722235C7200C76819 /* Player */,
				D0AADE39221C8FB000BF71B3 /* Floor */,
				D0D8523F220693BB00ED606C /* ElevatorsGameColors.swift */,
				D0305FDF22235AEC00C76819 /* ElevatorsGame.swift */,
				D05ED160229D75CE00137DBA /* Elevators.swift */,
				D09A06DA223839C000A9CAB1 /* Larson.swift */,
				D0305FE122235B5300C76819 /* ElevatorsGameScene.swift */,
				D0305FEA22235CCE00C76819 /* ElevatorsGameSceneDependable.swift */,
				D0ADF85B227A418D00614910 /* NearbyFriendsManager.swift */,
				D0298367228B44D500174222 /* Levels */,
			);
			path = ElevatorGame;
			sourceTree = "<group>";
		};
		D0305FED22235DE000C76819 /* Elevator */ = {
			isa = PBXGroup;
			children = (
				D0E593AD220687030082B293 /* Elevator.swift */,
				D016F914223AB84C0007AC6D /* ElevatorTouchHandler.swift */,
			);
			path = Elevator;
			sourceTree = "<group>";
		};
		D05ED16D229DBF0B00137DBA /* CounterView */ = {
			isa = PBXGroup;
			children = (
				D05EB3C7229F01CA00F84FFF /* CounterView.swift */,
			);
			path = CounterView;
			sourceTree = "<group>";
		};
		D05ED1A2229DC3F400137DBA /* Levels */ = {
			isa = PBXGroup;
			children = (
				D05ED1A7229DC5E900137DBA /* LevelCell */,
				D05ED187229DC2FF00137DBA /* Levels.storyboard */,
				D05ED186229DC2FF00137DBA /* LevelSelectedViewController.swift */,
				D05ED188229DC2FF00137DBA /* LevelsNavigationController.swift */,
				D05ED181229DC2FE00137DBA /* LevelViewController.swift */,
			);
			path = Levels;
			sourceTree = "<group>";
		};
		D05ED1A3229DC41900137DBA /* Shop */ = {
			isa = PBXGroup;
			children = (
				D05ED183229DC2FF00137DBA /* ShopViewCell.swift */,
				D05ED17E229DC2FE00137DBA /* ShopViewCell.xib */,
			);
			path = Shop;
			sourceTree = "<group>";
		};
		D05ED1A4229DC42B00137DBA /* Core */ = {
			isa = PBXGroup;
			children = (
				D0AE27182201564D00D29E62 /* AppDelegate.swift */,
				D0AEEB1122BED08B009084B4 /* LevelsLoader.swift */,
				D05ED184229DC2FF00137DBA /* Storyboard.swift */,
				D05ED19E229DC31100137DBA /* ControllerIdentifiable.swift */,
				D06FC72F2273B9F800C1478D /* Assets.swift */,
				D0AE27272201564F00D29E62 /* LaunchScreen.storyboard */,
				D0AE272A2201564F00D29E62 /* Info.plist */,
				D0ECB396229EEBCD00092A1F /* Fira Sans */,
				D0AE27252201564F00D29E62 /* Assets.xcassets */,
				D05ED1A8229DC61500137DBA /* Extensions */,
				D05ED1AB229DC68300137DBA /* Views */,
			);
			path = Core;
			sourceTree = "<group>";
		};
		D05ED1A5229DC44600137DBA /* Game */ = {
			isa = PBXGroup;
			children = (
				D05ED18D229DC30000137DBA /* Game.storyboard */,
				D0AE271E2201564D00D29E62 /* GameScene.swift */,
				D05ED18C229DC30000137DBA /* GameViewController.swift */,
			);
			path = Game;
			sourceTree = "<group>";
		};
		D05ED1A6229DC46400137DBA /* Home */ = {
			isa = PBXGroup;
			children = (
				D05ED182229DC2FE00137DBA /* HomeViewController.swift */,
				D05ED1A0229DC35000137DBA /* Home.storyboard */,
			);
			path = Home;
			sourceTree = "<group>";
		};
		D05ED1A7229DC5E900137DBA /* LevelCell */ = {
			isa = PBXGroup;
			children = (
				D05ED185229DC2FF00137DBA /* LevelCell.swift */,
				D05ED189229DC2FF00137DBA /* LevelCell.xib */,
			);
			path = LevelCell;
			sourceTree = "<group>";
		};
		D05ED1A8229DC61500137DBA /* Extensions */ = {
			isa = PBXGroup;
			children = (
				D04DAE652214A63200ADA7F0 /* CGPoint.swift */,
				D0E96B93229C778A00CFD0A5 /* UIColor.swift */,
				D05ED16B229DAECD00137DBA /* UIView.swift */,
				D05B059F22BC46C700D3ADBE /* UIViewController.swift */,
			);
			path = Extensions;
			sourceTree = "<group>";
		};
		D05ED1A9229DC65B00137DBA /* Viewcontrollers & Storyboards */ = {
			isa = PBXGroup;
			children = (
				D05ED1AA229DC67000137DBA /* GameBuilder */,
				D05ED1A5229DC44600137DBA /* Game */,
				D05ED1A6229DC46400137DBA /* Home */,
				D05ED1A2229DC3F400137DBA /* Levels */,
				D05ED1A3229DC41900137DBA /* Shop */,
			);
			path = "Viewcontrollers & Storyboards";
			sourceTree = "<group>";
		};
		D05ED1AA229DC67000137DBA /* GameBuilder */ = {
			isa = PBXGroup;
			children = (
				D05ED18B229DC30000137DBA /* GameBuilderViewController.swift */,
				D0ACE97222BC8814000569A2 /* GameBuilderScene.swift */,
				D0ACE97422BC89E3000569A2 /* GameBuilder.storyboard */,
				D06F7A1422C06A4600EF03C1 /* GameBuilderFloorEditorViewController.swift */,
				D0E5E78422BD6198000C1379 /* GameBuilderPickerViewController.swift */,
			);
			path = GameBuilder;
			sourceTree = "<group>";
		};
		D05ED1AB229DC68300137DBA /* Views */ = {
			isa = PBXGroup;
			children = (
				D011C27622B73A4300B7F09E /* LarsonView */,
				D0ECB393229EE4F300092A1F /* AttributedImageTextView */,
				D05ED16D229DBF0B00137DBA /* CounterView */,
			);
			path = Views;
			sourceTree = "<group>";
		};
		D06FC7312274DF4D00C1478D /* Shop */ = {
			isa = PBXGroup;
			children = (
				D06FC7322274DF6C00C1478D /* Unlockable.swift */,
				D06FC7342274DF7400C1478D /* ShopManager.swift */,
				D0D3A01F228B23C9009FE1DC /* Skin.swift */,
				D06FC7362274E29700C1478D /* Textures */,
			);
			path = Shop;
			sourceTree = "<group>";
		};
		D06FC7362274E29700C1478D /* Textures */ = {
			isa = PBXGroup;
			children = (
			);
			path = Textures;
			sourceTree = "<group>";
		};
		D06FC73E22750E7E00C1478D /* Preferences */ = {
			isa = PBXGroup;
			children = (
				D06FC73F22750E8D00C1478D /* PreferencesManager.swift */,
			);
			path = Preferences;
			sourceTree = "<group>";
		};
		D0A1B23F226E61DB003F53E7 /* Wave */ = {
			isa = PBXGroup;
			children = (
				D0A1B240226E61E9003F53E7 /* WaveManager.swift */,
			);
			path = Wave;
			sourceTree = "<group>";
		};
		D0AADE27221C8E6800BF71B3 /* ElCore */ = {
			isa = PBXGroup;
			children = (
				D0305FE622235BD400C76819 /* README.md */,
				D0305FEC22235DCB00C76819 /* ElevatorGame */,
				D0AADE3A221C8FB900BF71B3 /* Utilities */,
				D0AADE28221C8E6800BF71B3 /* ElCore.h */,
				D0AADE29221C8E6800BF71B3 /* Info.plist */,
			);
			path = ElCore;
			sourceTree = "<group>";
		};
		D0AADE39221C8FB000BF71B3 /* Floor */ = {
			isa = PBXGroup;
			children = (
				D0305FED22235DE000C76819 /* Elevator */,
				D0E593AB220686B30082B293 /* Floor.swift */,
				D0AADE37221C8F2600BF71B3 /* FloorManager.swift */,
				D0298356228B417A00174222 /* LevelModel.swift */,
			);
			path = Floor;
			sourceTree = "<group>";
		};
		D0AADE3A221C8FB900BF71B3 /* Utilities */ = {
			isa = PBXGroup;
			children = (
				D0D8524122069CF800ED606C /* Graphics.swift */,
				D0DB7D042267BD9400D775B6 /* SpriteKit+.swift */,
				D043B4AD224BE7A4005210CB /* CoreGraphics+.swift */,
			);
			path = Utilities;
			sourceTree = "<group>";
		};
		D0ADF7BC227A399B00614910 /* Frameworks */ = {
			isa = PBXGroup;
			children = (
				D0638386227B9BCB00C44441 /* ExternalAccessory.framework */,
			);
			name = Frameworks;
			sourceTree = "<group>";
		};
		D0ADF84C227A412F00614910 /* ElevatorsTesting-macOS */ = {
			isa = PBXGroup;
			children = (
				D0ADF84D227A412F00614910 /* AppDelegate.swift */,
				D0ADF84F227A412F00614910 /* ViewController.swift */,
				D0ADF851227A413000614910 /* Assets.xcassets */,
				D0ADF853227A413000614910 /* Main.storyboard */,
				D0ADF856227A413000614910 /* Info.plist */,
				D0ADF857227A413000614910 /* ElevatorsTesting_macOS.entitlements */,
			);
			path = "ElevatorsTesting-macOS";
			sourceTree = "<group>";
		};
		D0AE270C2201564D00D29E62 = {
			isa = PBXGroup;
			children = (
				D0AE27172201564D00D29E62 /* Elevators */,
				D0AADE27221C8E6800BF71B3 /* ElCore */,
				D0ADF84C227A412F00614910 /* ElevatorsTesting-macOS */,
				D026E1B1228B4BC6008AD3F6 /* ElCoreTests */,
				D0AE27162201564D00D29E62 /* Products */,
				D0ADF7BC227A399B00614910 /* Frameworks */,
			);
			sourceTree = "<group>";
		};
		D0AE27162201564D00D29E62 /* Products */ = {
			isa = PBXGroup;
			children = (
				D0AE27152201564D00D29E62 /* Elevators.app */,
				D0AADE26221C8E6800BF71B3 /* ElCore.framework */,
				D0ADF86A227A4B2B00614910 /* ElCore.framework */,
				D026E1B0228B4BC6008AD3F6 /* ElCoreTests.xctest */,
			);
			name = Products;
			sourceTree = "<group>";
		};
		D0AE27172201564D00D29E62 /* Elevators */ = {
			isa = PBXGroup;
			children = (
				D05ED1A4229DC42B00137DBA /* Core */,
				D05ED1A9229DC65B00137DBA /* Viewcontrollers & Storyboards */,
				D0ADF7BF227A399B00614910 /* Elevators.entitlements */,
				D0638388227B9EBF00C44441 /* ElevatorsNearbyFriendsTester-macOS.entitlements */,
			);
			path = Elevators;
			sourceTree = "<group>";
		};
		D0ECB393229EE4F300092A1F /* AttributedImageTextView */ = {
			isa = PBXGroup;
			children = (
				D0ECB394229EE50E00092A1F /* AttributedImageTextView.swift */,
			);
			path = AttributedImageTextView;
			sourceTree = "<group>";
		};
		D0ECB396229EEBCD00092A1F /* Fira Sans */ = {
			isa = PBXGroup;
			children = (
				D0ECB398229EEBD700092A1F /* FiraSans-Regular.ttf */,
				D0ECB397229EEBD700092A1F /* FiraSans-Medium.ttf */,
				D0ECB39A229EEC6100092A1F /* FiraSans-Heavy.ttf */,
				D0ECB39B229EED9B00092A1F /* FiraSans-Bold.ttf */,
				D0ECB399229EEBF500092A1F /* README.md */,
			);
			path = "Fira Sans";
			sourceTree = "<group>";
		};
		D0F0D6C5224854F20040E595 /* Movement */ = {
			isa = PBXGroup;
			children = (
				D0F0D6C6224855030040E595 /* MovementManager.swift */,
				D096F8B5225E93B5002CC444 /* JoystickView.swift */,
			);
			path = Movement;
			sourceTree = "<group>";
		};
/* End PBXGroup section */

/* Begin PBXHeadersBuildPhase section */
		D0AADE21221C8E6800BF71B3 /* Headers */ = {
			isa = PBXHeadersBuildPhase;
			buildActionMask = 2147483647;
			files = (
				D0AADE2A221C8E6800BF71B3 /* ElCore.h in Headers */,
			);
			runOnlyForDeploymentPostprocessing = 0;
		};
		D0ADF865227A4B2B00614910 /* Headers */ = {
			isa = PBXHeadersBuildPhase;
			buildActionMask = 2147483647;
			files = (
			);
			runOnlyForDeploymentPostprocessing = 0;
		};
/* End PBXHeadersBuildPhase section */

/* Begin PBXNativeTarget section */
		D026E1AF228B4BC6008AD3F6 /* ElCoreTests */ = {
			isa = PBXNativeTarget;
			buildConfigurationList = D026E1B8228B4BC6008AD3F6 /* Build configuration list for PBXNativeTarget "ElCoreTests" */;
			buildPhases = (
				D026E1AC228B4BC6008AD3F6 /* Sources */,
				D026E1AD228B4BC6008AD3F6 /* Frameworks */,
				D026E1AE228B4BC6008AD3F6 /* Resources */,
			);
			buildRules = (
			);
			dependencies = (
				D026E1BC228B4BCF008AD3F6 /* PBXTargetDependency */,
			);
			name = ElCoreTests;
			productName = ElCoreTests;
			productReference = D026E1B0228B4BC6008AD3F6 /* ElCoreTests.xctest */;
			productType = "com.apple.product-type.bundle.unit-test";
		};
		D0AADE25221C8E6800BF71B3 /* ElCore-iOS */ = {
			isa = PBXNativeTarget;
			buildConfigurationList = D0AADE2F221C8E6800BF71B3 /* Build configuration list for PBXNativeTarget "ElCore-iOS" */;
			buildPhases = (
				D0AADE21221C8E6800BF71B3 /* Headers */,
				D0AADE22221C8E6800BF71B3 /* Sources */,
				D0AADE23221C8E6800BF71B3 /* Frameworks */,
				D0AADE24221C8E6800BF71B3 /* Resources */,
			);
			buildRules = (
			);
			dependencies = (
			);
			name = "ElCore-iOS";
			productName = ElCore;
			productReference = D0AADE26221C8E6800BF71B3 /* ElCore.framework */;
			productType = "com.apple.product-type.framework";
		};
		D0ADF869227A4B2B00614910 /* ElCore-macOS */ = {
			isa = PBXNativeTarget;
			buildConfigurationList = D0ADF873227A4B2B00614910 /* Build configuration list for PBXNativeTarget "ElCore-macOS" */;
			buildPhases = (
				D0ADF865227A4B2B00614910 /* Headers */,
				D0ADF866227A4B2B00614910 /* Sources */,
				D0ADF867227A4B2B00614910 /* Frameworks */,
				D0ADF868227A4B2B00614910 /* Resources */,
			);
			buildRules = (
			);
			dependencies = (
			);
			name = "ElCore-macOS";
			productName = "ElCore-macOS";
			productReference = D0ADF86A227A4B2B00614910 /* ElCore.framework */;
			productType = "com.apple.product-type.framework";
		};
		D0AE27142201564D00D29E62 /* Elevators */ = {
			isa = PBXNativeTarget;
			buildConfigurationList = D0AE272D2201564F00D29E62 /* Build configuration list for PBXNativeTarget "Elevators" */;
			buildPhases = (
				D0AE27112201564D00D29E62 /* Sources */,
				D0AE27122201564D00D29E62 /* Frameworks */,
				D0AE27132201564D00D29E62 /* Resources */,
				D00EAC61221C8CE500161C8F /* Embed Frameworks */,
			);
			buildRules = (
			);
			dependencies = (
				D0AADE2C221C8E6800BF71B3 /* PBXTargetDependency */,
			);
			name = Elevators;
			productName = Elevators;
			productReference = D0AE27152201564D00D29E62 /* Elevators.app */;
			productType = "com.apple.product-type.application";
		};
/* End PBXNativeTarget section */

/* Begin PBXProject section */
		D0AE270D2201564D00D29E62 /* Project object */ = {
			isa = PBXProject;
			attributes = {
				KnownAssetTags = (
					New,
				);
				LastSwiftUpdateCheck = 1020;
				LastUpgradeCheck = 1020;
				ORGANIZATIONNAME = "Peter Larson";
				TargetAttributes = {
					D026E1AF228B4BC6008AD3F6 = {
						CreatedOnToolsVersion = 10.2.1;
					};
					D0AADE25221C8E6800BF71B3 = {
						CreatedOnToolsVersion = 10.1;
						LastSwiftMigration = 1020;
					};
					D0ADF869227A4B2B00614910 = {
						CreatedOnToolsVersion = 10.2.1;
					};
					D0AE27142201564D00D29E62 = {
						CreatedOnToolsVersion = 10.1;
						LastSwiftMigration = 1020;
						SystemCapabilities = {
							com.apple.WAC = {
								enabled = 1;
							};
						};
					};
				};
			};
			buildConfigurationList = D0AE27102201564D00D29E62 /* Build configuration list for PBXProject "Elevators" */;
			compatibilityVersion = "Xcode 9.3";
			developmentRegion = en;
			hasScannedForEncodings = 0;
			knownRegions = (
				en,
				Base,
			);
			mainGroup = D0AE270C2201564D00D29E62;
			productRefGroup = D0AE27162201564D00D29E62 /* Products */;
			projectDirPath = "";
			projectRoot = "";
			targets = (
				D0AE27142201564D00D29E62 /* Elevators */,
				D0AADE25221C8E6800BF71B3 /* ElCore-iOS */,
				D0ADF869227A4B2B00614910 /* ElCore-macOS */,
				D026E1AF228B4BC6008AD3F6 /* ElCoreTests */,
			);
		};
/* End PBXProject section */

/* Begin PBXResourcesBuildPhase section */
		D026E1AE228B4BC6008AD3F6 /* Resources */ = {
			isa = PBXResourcesBuildPhase;
			buildActionMask = 2147483647;
			files = (
			);
			runOnlyForDeploymentPostprocessing = 0;
		};
		D0AADE24221C8E6800BF71B3 /* Resources */ = {
			isa = PBXResourcesBuildPhase;
			buildActionMask = 2147483647;
			files = (
				D0298369228B45A200174222 /* 1.json in Resources */,
			);
			runOnlyForDeploymentPostprocessing = 0;
		};
		D0ADF868227A4B2B00614910 /* Resources */ = {
			isa = PBXResourcesBuildPhase;
			buildActionMask = 2147483647;
			files = (
				D029836A228B45A200174222 /* 1.json in Resources */,
			);
			runOnlyForDeploymentPostprocessing = 0;
		};
		D0AE27132201564D00D29E62 /* Resources */ = {
			isa = PBXResourcesBuildPhase;
			buildActionMask = 2147483647;
			files = (
				D05ED1A1229DC35100137DBA /* Home.storyboard in Resources */,
				D05ED19D229DC30000137DBA /* Game.storyboard in Resources */,
				D05ED197229DC30000137DBA /* Levels.storyboard in Resources */,
				D0AE27262201564F00D29E62 /* Assets.xcassets in Resources */,
				D0AE27292201564F00D29E62 /* LaunchScreen.storyboard in Resources */,
				D05ED18E229DC30000137DBA /* ShopViewCell.xib in Resources */,
				D0ACE97522BC89E3000569A2 /* GameBuilder.storyboard in Resources */,
				D05ED199229DC30000137DBA /* LevelCell.xib in Resources */,
			);
			runOnlyForDeploymentPostprocessing = 0;
		};
/* End PBXResourcesBuildPhase section */

/* Begin PBXSourcesBuildPhase section */
		D026E1AC228B4BC6008AD3F6 /* Sources */ = {
			isa = PBXSourcesBuildPhase;
			buildActionMask = 2147483647;
			files = (
				D026E1B3228B4BC6008AD3F6 /* ElCoreTests.swift in Sources */,
			);
			runOnlyForDeploymentPostprocessing = 0;
		};
		D0AADE22221C8E6800BF71B3 /* Sources */ = {
			isa = PBXSourcesBuildPhase;
			buildActionMask = 2147483647;
			files = (
				D029836C228B45DD00174222 /* LevelModel.swift in Sources */,
				D0F0D6C7224855030040E595 /* MovementManager.swift in Sources */,
				D003FAEB226D1E3600C86CB0 /* ScoreboardManager.swift in Sources */,
				D0305FE222235B5300C76819 /* ElevatorsGameScene.swift in Sources */,
				D0DB7D052267BD9400D775B6 /* SpriteKit+.swift in Sources */,
				D0ADF85C227A418D00614910 /* NearbyFriendsManager.swift in Sources */,
				D0AADE34221C8E7900BF71B3 /* Graphics.swift in Sources */,
				D09A06DB223839C000A9CAB1 /* Larson.swift in Sources */,
				D06FC7352274DF7400C1478D /* ShopManager.swift in Sources */,
				D0305FEB22235CCE00C76819 /* ElevatorsGameSceneDependable.swift in Sources */,
				D0D3A021228B24B1009FE1DC /* Skin.swift in Sources */,
				D0305FE922235C7E00C76819 /* PlayerNode.swift in Sources */,
				D0AADE33221C8E7900BF71B3 /* Floor.swift in Sources */,
				D043B4AE224BE7A4005210CB /* CoreGraphics+.swift in Sources */,
				D096F8B6225E93B5002CC444 /* JoystickView.swift in Sources */,
				D051F5CF2277EB4100EF5A61 /* EndGameDelegate.swift in Sources */,
				D0AADE32221C8E7900BF71B3 /* Elevator.swift in Sources */,
				D0305FDE22235AC400C76819 /* PlayerManager.swift in Sources */,
				D06FC74022750E8D00C1478D /* PreferencesManager.swift in Sources */,
				D0305FE022235AEC00C76819 /* ElevatorsGame.swift in Sources */,
				D016F915223AB84C0007AC6D /* ElevatorTouchHandler.swift in Sources */,
				D0AADE38221C8F2600BF71B3 /* FloorManager.swift in Sources */,
				D0AADE36221C8E9800BF71B3 /* ElevatorsGameColors.swift in Sources */,
				D0A1B241226E61E9003F53E7 /* WaveManager.swift in Sources */,
				D02262DF222376E9009D15E7 /* CameraManager.swift in Sources */,
				D06FC7332274DF6C00C1478D /* Unlockable.swift in Sources */,
			);
			runOnlyForDeploymentPostprocessing = 0;
		};
		D0ADF866227A4B2B00614910 /* Sources */ = {
			isa = PBXSourcesBuildPhase;
			buildActionMask = 2147483647;
			files = (
				D0298370228B45EA00174222 /* ElevatorTouchHandler.swift in Sources */,
				D029836D228B45DD00174222 /* LevelModel.swift in Sources */,
				D0D3A022228B24B2009FE1DC /* Skin.swift in Sources */,
				D029836F228B45E600174222 /* Floor.swift in Sources */,
				D029836E228B45E300174222 /* FloorManager.swift in Sources */,
				D0638385227B924E00C44441 /* NearbyFriendsManager.swift in Sources */,
			);
			runOnlyForDeploymentPostprocessing = 0;
		};
		D0AE27112201564D00D29E62 /* Sources */ = {
			isa = PBXSourcesBuildPhase;
			buildActionMask = 2147483647;
			files = (
				D05ED191229DC30000137DBA /* LevelViewController.swift in Sources */,
				D0AE271F2201564D00D29E62 /* GameScene.swift in Sources */,
				D0E96B94229C778A00CFD0A5 /* UIColor.swift in Sources */,
				D05ED19F229DC31100137DBA /* ControllerIdentifiable.swift in Sources */,
				D05ED195229DC30000137DBA /* LevelCell.swift in Sources */,
				D05ED196229DC30000137DBA /* LevelSelectedViewController.swift in Sources */,
				D06FC7302273B9F800C1478D /* Assets.swift in Sources */,
				D011C27A22B73A5200B7F09E /* OverlayLayer.swift in Sources */,
				D0ACE97322BC8814000569A2 /* GameBuilderScene.swift in Sources */,
				D04DAE662214A63200ADA7F0 /* CGPoint.swift in Sources */,
				D05EB3C8229F01CA00F84FFF /* CounterView.swift in Sources */,
				D011C27922B73A5200B7F09E /* LarsonView.swift in Sources */,
				D05ED161229D75CE00137DBA /* Elevators.swift in Sources */,
				D0AEEB1222BED08B009084B4 /* LevelsLoader.swift in Sources */,
				D05ED19C229DC30000137DBA /* GameViewController.swift in Sources */,
				D0E5E78522BD6198000C1379 /* GameBuilderPickerViewController.swift in Sources */,
				D05ED16C229DAECD00137DBA /* UIView.swift in Sources */,
				D05B05A022BC46C700D3ADBE /* UIViewController.swift in Sources */,
				D0AE27192201564D00D29E62 /* AppDelegate.swift in Sources */,
				D05ED193229DC30000137DBA /* ShopViewCell.swift in Sources */,
				D06F7A1522C06A4600EF03C1 /* GameBuilderFloorEditorViewController.swift in Sources */,
				D05ED194229DC30000137DBA /* Storyboard.swift in Sources */,
				D0ECB395229EE50E00092A1F /* AttributedImageTextView.swift in Sources */,
				D05ED198229DC30000137DBA /* LevelsNavigationController.swift in Sources */,
				D05ED19B229DC30000137DBA /* GameBuilderViewController.swift in Sources */,
				D05ED192229DC30000137DBA /* HomeViewController.swift in Sources */,
			);
			runOnlyForDeploymentPostprocessing = 0;
		};
/* End PBXSourcesBuildPhase section */

/* Begin PBXTargetDependency section */
		D026E1BC228B4BCF008AD3F6 /* PBXTargetDependency */ = {
			isa = PBXTargetDependency;
			target = D0AADE25221C8E6800BF71B3 /* ElCore-iOS */;
			targetProxy = D026E1BB228B4BCF008AD3F6 /* PBXContainerItemProxy */;
		};
		D0AADE2C221C8E6800BF71B3 /* PBXTargetDependency */ = {
			isa = PBXTargetDependency;
			target = D0AADE25221C8E6800BF71B3 /* ElCore-iOS */;
			targetProxy = D0AADE2B221C8E6800BF71B3 /* PBXContainerItemProxy */;
		};
/* End PBXTargetDependency section */

/* Begin PBXVariantGroup section */
		D0ADF853227A413000614910 /* Main.storyboard */ = {
			isa = PBXVariantGroup;
			children = (
				D0ADF854227A413000614910 /* Base */,
			);
			name = Main.storyboard;
			sourceTree = "<group>";
		};
		D0AE27272201564F00D29E62 /* LaunchScreen.storyboard */ = {
			isa = PBXVariantGroup;
			children = (
				D0AE27282201564F00D29E62 /* Base */,
			);
			name = LaunchScreen.storyboard;
			sourceTree = "<group>";
		};
/* End PBXVariantGroup section */

/* Begin XCBuildConfiguration section */
		D026E1B9228B4BC6008AD3F6 /* Debug */ = {
			isa = XCBuildConfiguration;
			buildSettings = {
				CODE_SIGN_IDENTITY = "Mac Developer";
				CODE_SIGN_STYLE = Automatic;
				COMBINE_HIDPI_IMAGES = YES;
				DEVELOPMENT_TEAM = FKDE872F3V;
				INFOPLIST_FILE = ElCoreTests/Info.plist;
				LD_RUNPATH_SEARCH_PATHS = (
					"$(inherited)",
					"@executable_path/../Frameworks",
					"@loader_path/../Frameworks",
				);
				MACOSX_DEPLOYMENT_TARGET = 10.14;
				PRODUCT_BUNDLE_IDENTIFIER = com.larson.ElCoreTests;
				PRODUCT_NAME = "$(TARGET_NAME)";
				SDKROOT = iphoneos;
				SWIFT_VERSION = 5.0;
			};
			name = Debug;
		};
		D026E1BA228B4BC6008AD3F6 /* Release */ = {
			isa = XCBuildConfiguration;
			buildSettings = {
				CODE_SIGN_IDENTITY = "Mac Developer";
				CODE_SIGN_STYLE = Automatic;
				COMBINE_HIDPI_IMAGES = YES;
				DEVELOPMENT_TEAM = FKDE872F3V;
				INFOPLIST_FILE = ElCoreTests/Info.plist;
				LD_RUNPATH_SEARCH_PATHS = (
					"$(inherited)",
					"@executable_path/../Frameworks",
					"@loader_path/../Frameworks",
				);
				MACOSX_DEPLOYMENT_TARGET = 10.14;
				PRODUCT_BUNDLE_IDENTIFIER = com.larson.ElCoreTests;
				PRODUCT_NAME = "$(TARGET_NAME)";
				SDKROOT = iphoneos;
				SWIFT_VERSION = 5.0;
			};
			name = Release;
		};
		D0AADE30221C8E6800BF71B3 /* Debug */ = {
			isa = XCBuildConfiguration;
			buildSettings = {
				CODE_SIGN_IDENTITY = "";
				CODE_SIGN_STYLE = Automatic;
				CURRENT_PROJECT_VERSION = 1;
				DEFINES_MODULE = YES;
				DEVELOPMENT_TEAM = FKDE872F3V;
				DYLIB_COMPATIBILITY_VERSION = 1;
				DYLIB_CURRENT_VERSION = 1;
				DYLIB_INSTALL_NAME_BASE = "@rpath";
				INFOPLIST_FILE = ElCore/Info.plist;
				INSTALL_PATH = "$(LOCAL_LIBRARY_DIR)/Frameworks";
				LD_RUNPATH_SEARCH_PATHS = (
					"$(inherited)",
					"@executable_path/Frameworks",
					"@loader_path/Frameworks",
				);
				PRODUCT_BUNDLE_IDENTIFIER = com.larson.ElCore;
				PRODUCT_NAME = ElCore;
				SKIP_INSTALL = YES;
				SWIFT_VERSION = 5.0;
				TARGETED_DEVICE_FAMILY = "1,2";
				VERSIONING_SYSTEM = "apple-generic";
				VERSION_INFO_PREFIX = "";
			};
			name = Debug;
		};
		D0AADE31221C8E6800BF71B3 /* Release */ = {
			isa = XCBuildConfiguration;
			buildSettings = {
				CODE_SIGN_IDENTITY = "";
				CODE_SIGN_STYLE = Automatic;
				CURRENT_PROJECT_VERSION = 1;
				DEFINES_MODULE = YES;
				DEVELOPMENT_TEAM = FKDE872F3V;
				DYLIB_COMPATIBILITY_VERSION = 1;
				DYLIB_CURRENT_VERSION = 1;
				DYLIB_INSTALL_NAME_BASE = "@rpath";
				INFOPLIST_FILE = ElCore/Info.plist;
				INSTALL_PATH = "$(LOCAL_LIBRARY_DIR)/Frameworks";
				LD_RUNPATH_SEARCH_PATHS = (
					"$(inherited)",
					"@executable_path/Frameworks",
					"@loader_path/Frameworks",
				);
				PRODUCT_BUNDLE_IDENTIFIER = com.larson.ElCore;
				PRODUCT_NAME = ElCore;
				SKIP_INSTALL = YES;
				SWIFT_VERSION = 5.0;
				TARGETED_DEVICE_FAMILY = "1,2";
				VERSIONING_SYSTEM = "apple-generic";
				VERSION_INFO_PREFIX = "";
			};
			name = Release;
		};
		D0ADF874227A4B2B00614910 /* Debug */ = {
			isa = XCBuildConfiguration;
			buildSettings = {
				CODE_SIGN_IDENTITY = "";
				CODE_SIGN_STYLE = Automatic;
				COMBINE_HIDPI_IMAGES = YES;
				CURRENT_PROJECT_VERSION = 1;
				DEFINES_MODULE = YES;
				DEVELOPMENT_TEAM = FKDE872F3V;
				DYLIB_COMPATIBILITY_VERSION = 1;
				DYLIB_CURRENT_VERSION = 1;
				DYLIB_INSTALL_NAME_BASE = "@rpath";
				FRAMEWORK_VERSION = A;
				INFOPLIST_FILE = ElCore/Info.plist;
				INSTALL_PATH = "$(LOCAL_LIBRARY_DIR)/Frameworks";
				LD_RUNPATH_SEARCH_PATHS = (
					"$(inherited)",
					"@executable_path/../Frameworks",
					"@loader_path/Frameworks",
				);
				MACOSX_DEPLOYMENT_TARGET = 10.14;
				PRODUCT_BUNDLE_IDENTIFIER = "com.larson.ElCore-macOS";
				PRODUCT_NAME = ElCore;
				SDKROOT = macosx;
				SKIP_INSTALL = YES;
				SWIFT_VERSION = 5.0;
				VERSIONING_SYSTEM = "apple-generic";
				VERSION_INFO_PREFIX = "";
			};
			name = Debug;
		};
		D0ADF875227A4B2B00614910 /* Release */ = {
			isa = XCBuildConfiguration;
			buildSettings = {
				CODE_SIGN_IDENTITY = "";
				CODE_SIGN_STYLE = Automatic;
				COMBINE_HIDPI_IMAGES = YES;
				CURRENT_PROJECT_VERSION = 1;
				DEFINES_MODULE = YES;
				DEVELOPMENT_TEAM = FKDE872F3V;
				DYLIB_COMPATIBILITY_VERSION = 1;
				DYLIB_CURRENT_VERSION = 1;
				DYLIB_INSTALL_NAME_BASE = "@rpath";
				FRAMEWORK_VERSION = A;
				INFOPLIST_FILE = ElCore/Info.plist;
				INSTALL_PATH = "$(LOCAL_LIBRARY_DIR)/Frameworks";
				LD_RUNPATH_SEARCH_PATHS = (
					"$(inherited)",
					"@executable_path/../Frameworks",
					"@loader_path/Frameworks",
				);
				MACOSX_DEPLOYMENT_TARGET = 10.14;
				PRODUCT_BUNDLE_IDENTIFIER = "com.larson.ElCore-macOS";
				PRODUCT_NAME = ElCore;
				SDKROOT = macosx;
				SKIP_INSTALL = YES;
				SWIFT_VERSION = 5.0;
				VERSIONING_SYSTEM = "apple-generic";
				VERSION_INFO_PREFIX = "";
			};
			name = Release;
		};
		D0AE272B2201564F00D29E62 /* Debug */ = {
			isa = XCBuildConfiguration;
			buildSettings = {
				ALWAYS_SEARCH_USER_PATHS = NO;
				CLANG_ANALYZER_NONNULL = YES;
				CLANG_ANALYZER_NUMBER_OBJECT_CONVERSION = YES_AGGRESSIVE;
				CLANG_CXX_LANGUAGE_STANDARD = "gnu++14";
				CLANG_CXX_LIBRARY = "libc++";
				CLANG_ENABLE_MODULES = YES;
				CLANG_ENABLE_OBJC_ARC = YES;
				CLANG_ENABLE_OBJC_WEAK = YES;
				CLANG_WARN_BLOCK_CAPTURE_AUTORELEASING = YES;
				CLANG_WARN_BOOL_CONVERSION = YES;
				CLANG_WARN_COMMA = YES;
				CLANG_WARN_CONSTANT_CONVERSION = YES;
				CLANG_WARN_DEPRECATED_OBJC_IMPLEMENTATIONS = YES;
				CLANG_WARN_DIRECT_OBJC_ISA_USAGE = YES_ERROR;
				CLANG_WARN_DOCUMENTATION_COMMENTS = YES;
				CLANG_WARN_EMPTY_BODY = YES;
				CLANG_WARN_ENUM_CONVERSION = YES;
				CLANG_WARN_INFINITE_RECURSION = YES;
				CLANG_WARN_INT_CONVERSION = YES;
				CLANG_WARN_NON_LITERAL_NULL_CONVERSION = YES;
				CLANG_WARN_OBJC_IMPLICIT_RETAIN_SELF = YES;
				CLANG_WARN_OBJC_LITERAL_CONVERSION = YES;
				CLANG_WARN_OBJC_ROOT_CLASS = YES_ERROR;
				CLANG_WARN_RANGE_LOOP_ANALYSIS = YES;
				CLANG_WARN_STRICT_PROTOTYPES = YES;
				CLANG_WARN_SUSPICIOUS_MOVE = YES;
				CLANG_WARN_UNGUARDED_AVAILABILITY = YES_AGGRESSIVE;
				CLANG_WARN_UNREACHABLE_CODE = YES;
				CLANG_WARN__DUPLICATE_METHOD_MATCH = YES;
				CODE_SIGN_IDENTITY = "iPhone Developer";
				COPY_PHASE_STRIP = NO;
				DEBUG_INFORMATION_FORMAT = dwarf;
				DEVELOPMENT_TEAM = 2K3SEY8GPL;
				ENABLE_STRICT_OBJC_MSGSEND = YES;
				ENABLE_TESTABILITY = YES;
				GCC_C_LANGUAGE_STANDARD = gnu11;
				GCC_DYNAMIC_NO_PIC = NO;
				GCC_NO_COMMON_BLOCKS = YES;
				GCC_OPTIMIZATION_LEVEL = 0;
				GCC_PREPROCESSOR_DEFINITIONS = (
					"DEBUG=1",
					"$(inherited)",
				);
				GCC_WARN_64_TO_32_BIT_CONVERSION = YES;
				GCC_WARN_ABOUT_RETURN_TYPE = YES_ERROR;
				GCC_WARN_UNDECLARED_SELECTOR = YES;
				GCC_WARN_UNINITIALIZED_AUTOS = YES_AGGRESSIVE;
				GCC_WARN_UNUSED_FUNCTION = YES;
				GCC_WARN_UNUSED_VARIABLE = YES;
				IPHONEOS_DEPLOYMENT_TARGET = 12.1;
				MTL_ENABLE_DEBUG_INFO = INCLUDE_SOURCE;
				MTL_FAST_MATH = YES;
				ONLY_ACTIVE_ARCH = YES;
				SDKROOT = iphoneos;
				SWIFT_ACTIVE_COMPILATION_CONDITIONS = DEBUG;
				SWIFT_OPTIMIZATION_LEVEL = "-Onone";
			};
			name = Debug;
		};
		D0AE272C2201564F00D29E62 /* Release */ = {
			isa = XCBuildConfiguration;
			buildSettings = {
				ALWAYS_SEARCH_USER_PATHS = NO;
				CLANG_ANALYZER_NONNULL = YES;
				CLANG_ANALYZER_NUMBER_OBJECT_CONVERSION = YES_AGGRESSIVE;
				CLANG_CXX_LANGUAGE_STANDARD = "gnu++14";
				CLANG_CXX_LIBRARY = "libc++";
				CLANG_ENABLE_MODULES = YES;
				CLANG_ENABLE_OBJC_ARC = YES;
				CLANG_ENABLE_OBJC_WEAK = YES;
				CLANG_WARN_BLOCK_CAPTURE_AUTORELEASING = YES;
				CLANG_WARN_BOOL_CONVERSION = YES;
				CLANG_WARN_COMMA = YES;
				CLANG_WARN_CONSTANT_CONVERSION = YES;
				CLANG_WARN_DEPRECATED_OBJC_IMPLEMENTATIONS = YES;
				CLANG_WARN_DIRECT_OBJC_ISA_USAGE = YES_ERROR;
				CLANG_WARN_DOCUMENTATION_COMMENTS = YES;
				CLANG_WARN_EMPTY_BODY = YES;
				CLANG_WARN_ENUM_CONVERSION = YES;
				CLANG_WARN_INFINITE_RECURSION = YES;
				CLANG_WARN_INT_CONVERSION = YES;
				CLANG_WARN_NON_LITERAL_NULL_CONVERSION = YES;
				CLANG_WARN_OBJC_IMPLICIT_RETAIN_SELF = YES;
				CLANG_WARN_OBJC_LITERAL_CONVERSION = YES;
				CLANG_WARN_OBJC_ROOT_CLASS = YES_ERROR;
				CLANG_WARN_RANGE_LOOP_ANALYSIS = YES;
				CLANG_WARN_STRICT_PROTOTYPES = YES;
				CLANG_WARN_SUSPICIOUS_MOVE = YES;
				CLANG_WARN_UNGUARDED_AVAILABILITY = YES_AGGRESSIVE;
				CLANG_WARN_UNREACHABLE_CODE = YES;
				CLANG_WARN__DUPLICATE_METHOD_MATCH = YES;
				CODE_SIGN_IDENTITY = "iPhone Developer";
				COPY_PHASE_STRIP = NO;
				DEBUG_INFORMATION_FORMAT = "dwarf-with-dsym";
				DEVELOPMENT_TEAM = 2K3SEY8GPL;
				ENABLE_NS_ASSERTIONS = NO;
				ENABLE_STRICT_OBJC_MSGSEND = YES;
				GCC_C_LANGUAGE_STANDARD = gnu11;
				GCC_NO_COMMON_BLOCKS = YES;
				GCC_WARN_64_TO_32_BIT_CONVERSION = YES;
				GCC_WARN_ABOUT_RETURN_TYPE = YES_ERROR;
				GCC_WARN_UNDECLARED_SELECTOR = YES;
				GCC_WARN_UNINITIALIZED_AUTOS = YES_AGGRESSIVE;
				GCC_WARN_UNUSED_FUNCTION = YES;
				GCC_WARN_UNUSED_VARIABLE = YES;
				IPHONEOS_DEPLOYMENT_TARGET = 12.1;
				MTL_ENABLE_DEBUG_INFO = NO;
				MTL_FAST_MATH = YES;
				SDKROOT = iphoneos;
				SWIFT_COMPILATION_MODE = wholemodule;
				SWIFT_OPTIMIZATION_LEVEL = "-O";
				VALIDATE_PRODUCT = YES;
			};
			name = Release;
		};
		D0AE272E2201564F00D29E62 /* Debug */ = {
			isa = XCBuildConfiguration;
			buildSettings = {
				ALWAYS_EMBED_SWIFT_STANDARD_LIBRARIES = YES;
				ASSETCATALOG_COMPILER_APPICON_NAME = AppIcon;
				CODE_SIGN_ENTITLEMENTS = Elevators/Elevators.entitlements;
				CODE_SIGN_IDENTITY = "iPhone Developer";
				CODE_SIGN_STYLE = Automatic;
				DEVELOPMENT_TEAM = FKDE872F3V;
				INFOPLIST_FILE = Elevators/Core/Info.plist;
				LD_RUNPATH_SEARCH_PATHS = (
					"$(inherited)",
					"@executable_path/Frameworks",
				);
				PRODUCT_BUNDLE_IDENTIFIER = com.larson.Elevators;
				PRODUCT_NAME = "$(TARGET_NAME)";
				PROVISIONING_PROFILE_SPECIFIER = "";
				SWIFT_VERSION = 5.0;
				TARGETED_DEVICE_FAMILY = "1,2";
			};
			name = Debug;
		};
		D0AE272F2201564F00D29E62 /* Release */ = {
			isa = XCBuildConfiguration;
			buildSettings = {
				ALWAYS_EMBED_SWIFT_STANDARD_LIBRARIES = YES;
				ASSETCATALOG_COMPILER_APPICON_NAME = AppIcon;
				CODE_SIGN_ENTITLEMENTS = Elevators/Elevators.entitlements;
				CODE_SIGN_IDENTITY = "iPhone Developer";
				CODE_SIGN_STYLE = Automatic;
				DEVELOPMENT_TEAM = FKDE872F3V;
				INFOPLIST_FILE = Elevators/Core/Info.plist;
				LD_RUNPATH_SEARCH_PATHS = (
					"$(inherited)",
					"@executable_path/Frameworks",
				);
				PRODUCT_BUNDLE_IDENTIFIER = com.larson.Elevators;
				PRODUCT_NAME = "$(TARGET_NAME)";
				PROVISIONING_PROFILE_SPECIFIER = "";
				SWIFT_VERSION = 5.0;
				TARGETED_DEVICE_FAMILY = "1,2";
			};
			name = Release;
		};
/* End XCBuildConfiguration section */

/* Begin XCConfigurationList section */
		D026E1B8228B4BC6008AD3F6 /* Build configuration list for PBXNativeTarget "ElCoreTests" */ = {
			isa = XCConfigurationList;
			buildConfigurations = (
				D026E1B9228B4BC6008AD3F6 /* Debug */,
				D026E1BA228B4BC6008AD3F6 /* Release */,
			);
			defaultConfigurationIsVisible = 0;
			defaultConfigurationName = Release;
		};
		D0AADE2F221C8E6800BF71B3 /* Build configuration list for PBXNativeTarget "ElCore-iOS" */ = {
			isa = XCConfigurationList;
			buildConfigurations = (
				D0AADE30221C8E6800BF71B3 /* Debug */,
				D0AADE31221C8E6800BF71B3 /* Release */,
			);
			defaultConfigurationIsVisible = 0;
			defaultConfigurationName = Release;
		};
		D0ADF873227A4B2B00614910 /* Build configuration list for PBXNativeTarget "ElCore-macOS" */ = {
			isa = XCConfigurationList;
			buildConfigurations = (
				D0ADF874227A4B2B00614910 /* Debug */,
				D0ADF875227A4B2B00614910 /* Release */,
			);
			defaultConfigurationIsVisible = 0;
			defaultConfigurationName = Release;
		};
		D0AE27102201564D00D29E62 /* Build configuration list for PBXProject "Elevators" */ = {
			isa = XCConfigurationList;
			buildConfigurations = (
				D0AE272B2201564F00D29E62 /* Debug */,
				D0AE272C2201564F00D29E62 /* Release */,
			);
			defaultConfigurationIsVisible = 0;
			defaultConfigurationName = Release;
		};
		D0AE272D2201564F00D29E62 /* Build configuration list for PBXNativeTarget "Elevators" */ = {
			isa = XCConfigurationList;
			buildConfigurations = (
				D0AE272E2201564F00D29E62 /* Debug */,
				D0AE272F2201564F00D29E62 /* Release */,
			);
			defaultConfigurationIsVisible = 0;
			defaultConfigurationName = Release;
		};
/* End XCConfigurationList section */
	};
	rootObject = D0AE270D2201564D00D29E62 /* Project object */;
}
